
Microsoft Visual Studio Solution File, Format Version 12.00
# Visual Studio Version 16
VisualStudioVersion = 16.0.32228.343
MinimumVisualStudioVersion = 10.0.40219.1
Project("{FAE04EC0-301F-11D3-BF4B-00C04F79EFBC}") = "Entities", "Entities\Entities.csproj", "{EF4B69DC-5CC6-477E-AA8A-CDAF44AE08F5}"
EndProject
Project("{FAE04EC0-301F-11D3-BF4B-00C04F79EFBC}") = "DataAccess", "DataAccess\DataAccess.csproj", "{DDA634A8-4DCF-4239-B765-33656D650530}"
EndProject
Project("{FAE04EC0-301F-11D3-BF4B-00C04F79EFBC}") = "Business", "Business\Business.csproj", "{3856B238-C5B5-442F-B98A-078EEFC0E8A0}"
EndProject
Project("{FAE04EC0-301F-11D3-BF4B-00C04F79EFBC}") = "UserInterface", "UserInterface\UserInterface.csproj", "{3F9B9BAE-DCF5-4DF1-889B-4BBE80940A3E}"
EndProject
Project("{FAE04EC0-301F-11D3-BF4B-00C04F79EFBC}") = "Core", "Core\Core.csproj", "{6FD2CEA8-DA1A-46F6-B2FA-68CF4DF5B0B5}"
EndProject
Global
	GlobalSection(SolutionConfigurationPlatforms) = preSolution
		Debug|Any CPU = Debug|Any CPU
		Release|Any CPU = Release|Any CPU
	EndGlobalSection
	GlobalSection(ProjectConfigurationPlatforms) = postSolution
		{EF4B69DC-5CC6-477E-AA8A-CDAF44AE08F5}.Debug|Any CPU.ActiveCfg = Debug|Any CPU
		{EF4B69DC-5CC6-477E-AA8A-CDAF44AE08F5}.Debug|Any CPU.Build.0 = Debug|Any CPU
		{EF4B69DC-5CC6-477E-AA8A-CDAF44AE08F5}.Release|Any CPU.ActiveCfg = Release|Any CPU
		{EF4B69DC-5CC6-477E-AA8A-CDAF44AE08F5}.Release|Any CPU.Build.0 = Release|Any CPU
		{DDA634A8-4DCF-4239-B765-33656D650530}.Debug|Any CPU.ActiveCfg = Debug|Any CPU
		{DDA634A8-4DCF-4239-B765-33656D650530}.Debug|Any CPU.Build.0 = Debug|Any CPU
		{DDA634A8-4DCF-4239-B765-33656D650530}.Release|Any CPU.ActiveCfg = Release|Any CPU
		{DDA634A8-4DCF-4239-B765-33656D650530}.Release|Any CPU.Build.0 = Release|Any CPU
		{3856B238-C5B5-442F-B98A-078EEFC0E8A0}.Debug|Any CPU.ActiveCfg = Debug|Any CPU
		{3856B238-C5B5-442F-B98A-078EEFC0E8A0}.Debug|Any CPU.Build.0 = Debug|Any CPU
		{3856B238-C5B5-442F-B98A-078EEFC0E8A0}.Release|Any CPU.ActiveCfg = Release|Any CPU
		{3856B238-C5B5-442F-B98A-078EEFC0E8A0}.Release|Any CPU.Build.0 = Release|Any CPU
		{3F9B9BAE-DCF5-4DF1-889B-4BBE80940A3E}.Debug|Any CPU.ActiveCfg = Debug|Any CPU
		{3F9B9BAE-DCF5-4DF1-889B-4BBE80940A3E}.Debug|Any CPU.Build.0 = Debug|Any CPU
		{3F9B9BAE-DCF5-4DF1-889B-4BBE80940A3E}.Release|Any CPU.ActiveCfg = Release|Any CPU
		{3F9B9BAE-DCF5-4DF1-889B-4BBE80940A3E}.Release|Any CPU.Build.0 = Release|Any CPU
		{6FD2CEA8-DA1A-46F6-B2FA-68CF4DF5B0B5}.Debug|Any CPU.ActiveCfg = Debug|Any CPU
		{6FD2CEA8-DA1A-46F6-B2FA-68CF4DF5B0B5}.Debug|Any CPU.Build.0 = Debug|Any CPU
		{6FD2CEA8-DA1A-46F6-B2FA-68CF4DF5B0B5}.Release|Any CPU.ActiveCfg = Release|Any CPU
		{6FD2CEA8-DA1A-46F6-B2FA-68CF4DF5B0B5}.Release|Any CPU.Build.0 = Release|Any CPU
	EndGlobalSection
	GlobalSection(SolutionProperties) = preSolution
		HideSolutionNode = FALSE
	EndGlobalSection
	GlobalSection(ExtensibilityGlobals) = postSolution
		SolutionGuid = {4846561E-1F09-4CCC-91C0-276CDC9268D3}
	EndGlobalSection
EndGlobal
